
Microsoft Visual Studio Solution File, Format Version 12.00
# Visual Studio 14
VisualStudioVersion = 14.0.25420.1
MinimumVisualStudioVersion = 10.0.40219.1
Project("{FAE04EC0-301F-11D3-BF4B-00C04F79EFBC}") = "WindowsFormsApplication1", "WindowsFormsApplication1\WindowsFormsApplication1.csproj", "{07D89FC1-EE38-452B-AECC-87157D5A0F2D}"
	ProjectSection(ProjectDependencies) = postProject
		{5613DFDA-CD76-4E1C-95CB-71F54A621482} = {5613DFDA-CD76-4E1C-95CB-71F54A621482}
	EndProjectSection
EndProject
Project("{FAE04EC0-301F-11D3-BF4B-00C04F79EFBC}") = "WcfServiceLibrary1", "WcfServiceLibrary1\WcfServiceLibrary1.csproj", "{5613DFDA-CD76-4E1C-95CB-71F54A621482}"
EndProject
Project("{FAE04EC0-301F-11D3-BF4B-00C04F79EFBC}") = "WindowsService1", "WindowsService1\WindowsService1.csproj", "{3D9C6DAE-7277-4896-8667-7F11EE7B07DD}"
EndProject
Global
	GlobalSection(SolutionConfigurationPlatforms) = preSolution
		Debug|Any CPU = Debug|Any CPU
		Release|Any CPU = Release|Any CPU
	EndGlobalSection
	GlobalSection(ProjectConfigurationPlatforms) = postSolution
		{07D89FC1-EE38-452B-AECC-87157D5A0F2D}.Debug|Any CPU.ActiveCfg = Debug|Any CPU
		{07D89FC1-EE38-452B-AECC-87157D5A0F2D}.Debug|Any CPU.Build.0 = Debug|Any CPU
		{07D89FC1-EE38-452B-AECC-87157D5A0F2D}.Release|Any CPU.ActiveCfg = Release|Any CPU
		{07D89FC1-EE38-452B-AECC-87157D5A0F2D}.Release|Any CPU.Build.0 = Release|Any CPU
		{5613DFDA-CD76-4E1C-95CB-71F54A621482}.Debug|Any CPU.ActiveCfg = Debug|Any CPU
		{5613DFDA-CD76-4E1C-95CB-71F54A621482}.Debug|Any CPU.Build.0 = Debug|Any CPU
		{5613DFDA-CD76-4E1C-95CB-71F54A621482}.Release|Any CPU.ActiveCfg = Release|Any CPU
		{5613DFDA-CD76-4E1C-95CB-71F54A621482}.Release|Any CPU.Build.0 = Release|Any CPU
		{3D9C6DAE-7277-4896-8667-7F11EE7B07DD}.Debug|Any CPU.ActiveCfg = Debug|Any CPU
		{3D9C6DAE-7277-4896-8667-7F11EE7B07DD}.Debug|Any CPU.Build.0 = Debug|Any CPU
		{3D9C6DAE-7277-4896-8667-7F11EE7B07DD}.Release|Any CPU.ActiveCfg = Release|Any CPU
		{3D9C6DAE-7277-4896-8667-7F11EE7B07DD}.Release|Any CPU.Build.0 = Release|Any CPU
	EndGlobalSection
	GlobalSection(SolutionProperties) = preSolution
		HideSolutionNode = FALSE
	EndGlobalSection
EndGlobal
